{
  "lockfileVersion": 1,
  "workspaces": {
    "": {
      "name": "file-routing",
      "devDependencies": {
        "@types/node": "^18",
        "typescript": "^5",
      },
    },
  },
  "packages": {
    "@types/node": ["@types/node@18.19.87", "", { "dependencies": { "undici-types": "~5.26.4" } }, "sha512-OIAAu6ypnVZHmsHCeJ+7CCSub38QNBS9uceMQeg7K5Ur0Jr+wG9wEOEvvMbhp09pxD5czIUy/jND7s7Tb6Nw7A=="],

    "typescript": ["typescript@5.8.2", "", { "bin": { "tsc": "bin/tsc", "tsserver": "bin/tsserver" } }, ""],

    "undici-types": ["undici-types@5.26.5", "", {}, "sha512-JlCMO+ehdEIKqlFxk6IfVoAUVmgz7cU7zD/h9XZ0qzeosSHmUJVOzSQvvYSYWXkFXC+IfLKSIffhv0sVZup6pA=="],
  }
}
